// !$*UTF8*$!
{
	archiveVersion = 1;
	classes = {
	};
	objectVersion = 56;
	objects = {

/* Begin PBXBuildFile section */
		E1DE3142299D1514003B26FB /* AppDelegate.swift in Sources */ = {isa = PBXBuildFile; fileRef = E1DE3141299D1514003B26FB /* AppDelegate.swift */; };
		E1DE3146299D1514003B26FB /* FrameVC.swift in Sources */ = {isa = PBXBuildFile; fileRef = E1DE3145299D1514003B26FB /* FrameVC.swift */; };
		E1DE314B299D1518003B26FB /* Assets.xcassets in Resources */ = {isa = PBXBuildFile; fileRef = E1DE314A299D1518003B26FB /* Assets.xcassets */; };
		E1DE314E299D1518003B26FB /* LaunchScreen.storyboard in Resources */ = {isa = PBXBuildFile; fileRef = E1DE314C299D1518003B26FB /* LaunchScreen.storyboard */; };
		E1DE3156299D2642003B26FB /* CenterVC.swift in Sources */ = {isa = PBXBuildFile; fileRef = E1DE3155299D2641003B26FB /* CenterVC.swift */; };
		E1DE3158299D28C6003B26FB /* CornersVC.swift in Sources */ = {isa = PBXBuildFile; fileRef = E1DE3157299D28C6003B26FB /* CornersVC.swift */; };
		E1DE315A299D39E3003B26FB /* EqualToMultiplierVC.swift in Sources */ = {isa = PBXBuildFile; fileRef = E1DE3159299D39E3003B26FB /* EqualToMultiplierVC.swift */; };
		E1DE315C299D508D003B26FB /* EqualToVC.swift in Sources */ = {isa = PBXBuildFile; fileRef = E1DE315B299D508D003B26FB /* EqualToVC.swift */; };
		E1DE315E299D53C4003B26FB /* Factories.swift in Sources */ = {isa = PBXBuildFile; fileRef = E1DE315D299D53C4003B26FB /* Factories.swift */; };
		E1DE3160299D599D003B26FB /* EqualToConstantVC.swift in Sources */ = {isa = PBXBuildFile; fileRef = E1DE315F299D599D003B26FB /* EqualToConstantVC.swift */; };
		E1DE3164299D6109003B26FB /* EqualToMultiplierConstantVC.swift in Sources */ = {isa = PBXBuildFile; fileRef = E1DE3163299D6109003B26FB /* EqualToMultiplierConstantVC.swift */; };
		E1DE3166299E688F003B26FB /* EqualToSystemSpacingAfterVC.swift in Sources */ = {isa = PBXBuildFile; fileRef = E1DE3165299E688F003B26FB /* EqualToSystemSpacingAfterVC.swift */; };
/* End PBXBuildFile section */

/* Begin PBXFileReference section */
		E1DE313E299D1514003B26FB /* AutoLayout.app */ = {isa = PBXFileReference; explicitFileType = wrapper.application; includeInIndex = 0; path = AutoLayout.app; sourceTree = BUILT_PRODUCTS_DIR; };
		E1DE3141299D1514003B26FB /* AppDelegate.swift */ = {isa = PBXFileReference; lastKnownFileType = sourcecode.swift; path = AppDelegate.swift; sourceTree = "<group>"; };
		E1DE3145299D1514003B26FB /* FrameVC.swift */ = {isa = PBXFileReference; lastKnownFileType = sourcecode.swift; path = FrameVC.swift; sourceTree = "<group>"; };
		E1DE314A299D1518003B26FB /* Assets.xcassets */ = {isa = PBXFileReference; lastKnownFileType = folder.assetcatalog; path = Assets.xcassets; sourceTree = "<group>"; };
		E1DE314D299D1518003B26FB /* Base */ = {isa = PBXFileReference; lastKnownFileType = file.storyboard; name = Base; path = Base.lproj/LaunchScreen.storyboard; sourceTree = "<group>"; };
		E1DE314F299D1518003B26FB /* Info.plist */ = {isa = PBXFileReference; lastKnownFileType = text.plist.xml; path = Info.plist; sourceTree = "<group>"; };
		E1DE3155299D2641003B26FB /* CenterVC.swift */ = {isa = PBXFileReference; lastKnownFileType = sourcecode.swift; path = CenterVC.swift; sourceTree = "<group>"; };
		E1DE3157299D28C6003B26FB /* CornersVC.swift */ = {isa = PBXFileReference; lastKnownFileType = sourcecode.swift; path = CornersVC.swift; sourceTree = "<group>"; };
		E1DE3159299D39E3003B26FB /* EqualToMultiplierVC.swift */ = {isa = PBXFileReference; lastKnownFileType = sourcecode.swift; path = EqualToMultiplierVC.swift; sourceTree = "<group>"; };
		E1DE315B299D508D003B26FB /* EqualToVC.swift */ = {isa = PBXFileReference; lastKnownFileType = sourcecode.swift; path = EqualToVC.swift; sourceTree = "<group>"; };
		E1DE315D299D53C4003B26FB /* Factories.swift */ = {isa = PBXFileReference; lastKnownFileType = sourcecode.swift; path = Factories.swift; sourceTree = "<group>"; };
		E1DE315F299D599D003B26FB /* EqualToConstantVC.swift */ = {isa = PBXFileReference; lastKnownFileType = sourcecode.swift; path = EqualToConstantVC.swift; sourceTree = "<group>"; };
		E1DE3163299D6109003B26FB /* EqualToMultiplierConstantVC.swift */ = {isa = PBXFileReference; lastKnownFileType = sourcecode.swift; path = EqualToMultiplierConstantVC.swift; sourceTree = "<group>"; };
		E1DE3165299E688F003B26FB /* EqualToSystemSpacingAfterVC.swift */ = {isa = PBXFileReference; lastKnownFileType = sourcecode.swift; path = EqualToSystemSpacingAfterVC.swift; sourceTree = "<group>"; };
/* End PBXFileReference section */

/* Begin PBXFrameworksBuildPhase section */
		E1DE313B299D1514003B26FB /* Frameworks */ = {
			isa = PBXFrameworksBuildPhase;
			buildActionMask = 2147483647;
			files = (
			);
			runOnlyForDeploymentPostprocessing = 0;
		};
/* End PBXFrameworksBuildPhase section */

/* Begin PBXGroup section */
		E1DE3135299D1514003B26FB = {
			isa = PBXGroup;
			children = (
				E1DE3140299D1514003B26FB /* AutoLayout */,
				E1DE313F299D1514003B26FB /* Products */,
			);
			sourceTree = "<group>";
		};
		E1DE313F299D1514003B26FB /* Products */ = {
			isa = PBXGroup;
			children = (
				E1DE313E299D1514003B26FB /* AutoLayout.app */,
			);
			name = Products;
			sourceTree = "<group>";
		};
		E1DE3140299D1514003B26FB /* AutoLayout */ = {
			isa = PBXGroup;
			children = (
				E1DE3141299D1514003B26FB /* AppDelegate.swift */,
				E1DE3145299D1514003B26FB /* FrameVC.swift */,
				E1DE3155299D2641003B26FB /* CenterVC.swift */,
				E1DE3157299D28C6003B26FB /* CornersVC.swift */,
				E1DE315B299D508D003B26FB /* EqualToVC.swift */,
				E1DE315F299D599D003B26FB /* EqualToConstantVC.swift */,
				E1DE3159299D39E3003B26FB /* EqualToMultiplierVC.swift */,
				E1DE3163299D6109003B26FB /* EqualToMultiplierConstantVC.swift */,
				E1DE3165299E688F003B26FB /* EqualToSystemSpacingAfterVC.swift */,
				E1DE314A299D1518003B26FB /* Assets.xcassets */,
				E1DE314C299D1518003B26FB /* LaunchScreen.storyboard */,
				E1DE314F299D1518003B26FB /* Info.plist */,
				E1DE315D299D53C4003B26FB /* Factories.swift */,
			);
			path = AutoLayout;
			sourceTree = "<group>";
		};
/* End PBXGroup section */

/* Begin PBXNativeTarget section */
		E1DE313D299D1514003B26FB /* AutoLayout */ = {
			isa = PBXNativeTarget;
			buildConfigurationList = E1DE3152299D1518003B26FB /* Build configuration list for PBXNativeTarget "AutoLayout" */;
			buildPhases = (
				E1DE313A299D1514003B26FB /* Sources */,
				E1DE313B299D1514003B26FB /* Frameworks */,
				E1DE313C299D1514003B26FB /* Resources */,
			);
			buildRules = (
			);
			dependencies = (
			);
			name = AutoLayout;
			productName = AutoLayout;
			productReference = E1DE313E299D1514003B26FB /* AutoLayout.app */;
			productType = "com.apple.product-type.application";
		};
/* End PBXNativeTarget section */

/* Begin PBXProject section */
		E1DE3136299D1514003B26FB /* Project object */ = {
			isa = PBXProject;
			attributes = {
				BuildIndependentTargetsInParallel = 1;
				LastSwiftUpdateCheck = 1410;
				LastUpgradeCheck = 1410;
				TargetAttributes = {
					E1DE313D299D1514003B26FB = {
						CreatedOnToolsVersion = 14.1;
					};
				};
			};
			buildConfigurationList = E1DE3139299D1514003B26FB /* Build configuration list for PBXProject "AutoLayout" */;
			compatibilityVersion = "Xcode 14.0";
			developmentRegion = en;
			hasScannedForEncodings = 0;
			knownRegions = (
				en,
				Base,
			);
			mainGroup = E1DE3135299D1514003B26FB;
			productRefGroup = E1DE313F299D1514003B26FB /* Products */;
			projectDirPath = "";
			projectRoot = "";
			targets = (
				E1DE313D299D1514003B26FB /* AutoLayout */,
			);
		};
/* End PBXProject section */

/* Begin PBXResourcesBuildPhase section */
		E1DE313C299D1514003B26FB /* Resources */ = {
			isa = PBXResourcesBuildPhase;
			buildActionMask = 2147483647;
			files = (
				E1DE314E299D1518003B26FB /* LaunchScreen.storyboard in Resources */,
				E1DE314B299D1518003B26FB /* Assets.xcassets in Resources */,
			);
			runOnlyForDeploymentPostprocessing = 0;
		};
/* End PBXResourcesBuildPhase section */

/* Begin PBXSourcesBuildPhase section */
		E1DE313A299D1514003B26FB /* Sources */ = {
			isa = PBXSourcesBuildPhase;
			buildActionMask = 2147483647;
			files = (
				E1DE3160299D599D003B26FB /* EqualToConstantVC.swift in Sources */,
				E1DE315E299D53C4003B26FB /* Factories.swift in Sources */,
				E1DE3146299D1514003B26FB /* FrameVC.swift in Sources */,
				E1DE315A299D39E3003B26FB /* EqualToMultiplierVC.swift in Sources */,
				E1DE3166299E688F003B26FB /* EqualToSystemSpacingAfterVC.swift in Sources */,
				E1DE315C299D508D003B26FB /* EqualToVC.swift in Sources */,
				E1DE3156299D2642003B26FB /* CenterVC.swift in Sources */,
				E1DE3142299D1514003B26FB /* AppDelegate.swift in Sources */,
				E1DE3164299D6109003B26FB /* EqualToMultiplierConstantVC.swift in Sources */,
				E1DE3158299D28C6003B26FB /* CornersVC.swift in Sources */,
			);
			runOnlyForDeploymentPostprocessing = 0;
		};
/* End PBXSourcesBuildPhase section */

/* Begin PBXVariantGroup section */
		E1DE314C299D1518003B26FB /* LaunchScreen.storyboard */ = {
			isa = PBXVariantGroup;
			children = (
				E1DE314D299D1518003B26FB /* Base */,
			);
			name = LaunchScreen.storyboard;
			sourceTree = "<group>";
		};
/* End PBXVariantGroup section */

/* Begin XCBuildConfiguration section */
		E1DE3150299D1518003B26FB /* Debug */ = {
			isa = XCBuildConfiguration;
			buildSettings = {
				ALWAYS_SEARCH_USER_PATHS = NO;
				CLANG_ANALYZER_NONNULL = YES;
				CLANG_ANALYZER_NUMBER_OBJECT_CONVERSION = YES_AGGRESSIVE;
				CLANG_CXX_LANGUAGE_STANDARD = "gnu++20";
				CLANG_ENABLE_MODULES = YES;
				CLANG_ENABLE_OBJC_ARC = YES;
				CLANG_ENABLE_OBJC_WEAK = YES;
				CLANG_WARN_BLOCK_CAPTURE_AUTORELEASING = YES;
				CLANG_WARN_BOOL_CONVERSION = YES;
				CLANG_WARN_COMMA = YES;
				CLANG_WARN_CONSTANT_CONVERSION = YES;
				CLANG_WARN_DEPRECATED_OBJC_IMPLEMENTATIONS = YES;
				CLANG_WARN_DIRECT_OBJC_ISA_USAGE = YES_ERROR;
				CLANG_WARN_DOCUMENTATION_COMMENTS = YES;
				CLANG_WARN_EMPTY_BODY = YES;
				CLANG_WARN_ENUM_CONVERSION = YES;
				CLANG_WARN_INFINITE_RECURSION = YES;
				CLANG_WARN_INT_CONVERSION = YES;
				CLANG_WARN_NON_LITERAL_NULL_CONVERSION = YES;
				CLANG_WARN_OBJC_IMPLICIT_RETAIN_SELF = YES;
				CLANG_WARN_OBJC_LITERAL_CONVERSION = YES;
				CLANG_WARN_OBJC_ROOT_CLASS = YES_ERROR;
				CLANG_WARN_QUOTED_INCLUDE_IN_FRAMEWORK_HEADER = YES;
				CLANG_WARN_RANGE_LOOP_ANALYSIS = YES;
				CLANG_WARN_STRICT_PROTOTYPES = YES;
				CLANG_WARN_SUSPICIOUS_MOVE = YES;
				CLANG_WARN_UNGUARDED_AVAILABILITY = YES_AGGRESSIVE;
				CLANG_WARN_UNREACHABLE_CODE = YES;
				CLANG_WARN__DUPLICATE_METHOD_MATCH = YES;
				COPY_PHASE_STRIP = NO;
				DEBUG_INFORMATION_FORMAT = dwarf;
				ENABLE_STRICT_OBJC_MSGSEND = YES;
				ENABLE_TESTABILITY = YES;
				GCC_C_LANGUAGE_STANDARD = gnu11;
				GCC_DYNAMIC_NO_PIC = NO;
				GCC_NO_COMMON_BLOCKS = YES;
				GCC_OPTIMIZATION_LEVEL = 0;
				GCC_PREPROCESSOR_DEFINITIONS = (
					"DEBUG=1",
					"$(inherited)",
				);
				GCC_WARN_64_TO_32_BIT_CONVERSION = YES;
				GCC_WARN_ABOUT_RETURN_TYPE = YES_ERROR;
				GCC_WARN_UNDECLARED_SELECTOR = YES;
				GCC_WARN_UNINITIALIZED_AUTOS = YES_AGGRESSIVE;
				GCC_WARN_UNUSED_FUNCTION = YES;
				GCC_WARN_UNUSED_VARIABLE = YES;
				IPHONEOS_DEPLOYMENT_TARGET = 16.1;
				MTL_ENABLE_DEBUG_INFO = INCLUDE_SOURCE;
				MTL_FAST_MATH = YES;
				ONLY_ACTIVE_ARCH = YES;
				SDKROOT = iphoneos;
				SWIFT_ACTIVE_COMPILATION_CONDITIONS = DEBUG;
				SWIFT_OPTIMIZATION_LEVEL = "-Onone";
			};
			name = Debug;
		};
		E1DE3151299D1518003B26FB /* Release */ = {
			isa = XCBuildConfiguration;
			buildSettings = {
				ALWAYS_SEARCH_USER_PATHS = NO;
				CLANG_ANALYZER_NONNULL = YES;
				CLANG_ANALYZER_NUMBER_OBJECT_CONVERSION = YES_AGGRESSIVE;
				CLANG_CXX_LANGUAGE_STANDARD = "gnu++20";
				CLANG_ENABLE_MODULES = YES;
				CLANG_ENABLE_OBJC_ARC = YES;
				CLANG_ENABLE_OBJC_WEAK = YES;
				CLANG_WARN_BLOCK_CAPTURE_AUTORELEASING = YES;
				CLANG_WARN_BOOL_CONVERSION = YES;
				CLANG_WARN_COMMA = YES;
				CLANG_WARN_CONSTANT_CONVERSION = YES;
				CLANG_WARN_DEPRECATED_OBJC_IMPLEMENTATIONS = YES;
				CLANG_WARN_DIRECT_OBJC_ISA_USAGE = YES_ERROR;
				CLANG_WARN_DOCUMENTATION_COMMENTS = YES;
				CLANG_WARN_EMPTY_BODY = YES;
				CLANG_WARN_ENUM_CONVERSION = YES;
				CLANG_WARN_INFINITE_RECURSION = YES;
				CLANG_WARN_INT_CONVERSION = YES;
				CLANG_WARN_NON_LITERAL_NULL_CONVERSION = YES;
				CLANG_WARN_OBJC_IMPLICIT_RETAIN_SELF = YES;
				CLANG_WARN_OBJC_LITERAL_CONVERSION = YES;
				CLANG_WARN_OBJC_ROOT_CLASS = YES_ERROR;
				CLANG_WARN_QUOTED_INCLUDE_IN_FRAMEWORK_HEADER = YES;
				CLANG_WARN_RANGE_LOOP_ANALYSIS = YES;
				CLANG_WARN_STRICT_PROTOTYPES = YES;
				CLANG_WARN_SUSPICIOUS_MOVE = YES;
				CLANG_WARN_UNGUARDED_AVAILABILITY = YES_AGGRESSIVE;
				CLANG_WARN_UNREACHABLE_CODE = YES;
				CLANG_WARN__DUPLICATE_METHOD_MATCH = YES;
				COPY_PHASE_STRIP = NO;
				DEBUG_INFORMATION_FORMAT = "dwarf-with-dsym";
				ENABLE_NS_ASSERTIONS = NO;
				ENABLE_STRICT_OBJC_MSGSEND = YES;
				GCC_C_LANGUAGE_STANDARD = gnu11;
				GCC_NO_COMMON_BLOCKS = YES;
				GCC_WARN_64_TO_32_BIT_CONVERSION = YES;
				GCC_WARN_ABOUT_RETURN_TYPE = YES_ERROR;
				GCC_WARN_UNDECLARED_SELECTOR = YES;
				GCC_WARN_UNINITIALIZED_AUTOS = YES_AGGRESSIVE;
				GCC_WARN_UNUSED_FUNCTION = YES;
				GCC_WARN_UNUSED_VARIABLE = YES;
				IPHONEOS_DEPLOYMENT_TARGET = 16.1;
				MTL_ENABLE_DEBUG_INFO = NO;
				MTL_FAST_MATH = YES;
				SDKROOT = iphoneos;
				SWIFT_COMPILATION_MODE = wholemodule;
				SWIFT_OPTIMIZATION_LEVEL = "-O";
				VALIDATE_PRODUCT = YES;
			};
			name = Release;
		};
		E1DE3153299D1518003B26FB /* Debug */ = {
			isa = XCBuildConfiguration;
			buildSettings = {
				ASSETCATALOG_COMPILER_APPICON_NAME = AppIcon;
				ASSETCATALOG_COMPILER_GLOBAL_ACCENT_COLOR_NAME = AccentColor;
				CODE_SIGN_STYLE = Automatic;
				CURRENT_PROJECT_VERSION = 1;
				DEVELOPMENT_TEAM = 6MK786DG5L;
				GENERATE_INFOPLIST_FILE = YES;
				INFOPLIST_FILE = AutoLayout/Info.plist;
				INFOPLIST_KEY_UIApplicationSupportsIndirectInputEvents = YES;
				INFOPLIST_KEY_UILaunchStoryboardName = LaunchScreen;
				INFOPLIST_KEY_UISupportedInterfaceOrientations_iPad = "UIInterfaceOrientationPortrait UIInterfaceOrientationPortraitUpsideDown UIInterfaceOrientationLandscapeLeft UIInterfaceOrientationLandscapeRight";
				INFOPLIST_KEY_UISupportedInterfaceOrientations_iPhone = "UIInterfaceOrientationPortrait UIInterfaceOrientationLandscapeLeft UIInterfaceOrientationLandscapeRight";
				LD_RUNPATH_SEARCH_PATHS = (
					"$(inherited)",
					"@executable_path/Frameworks",
				);
				MARKETING_VERSION = 1.0;
				PRODUCT_BUNDLE_IDENTIFIER = com.brittanypinder.AutoLayout;
				PRODUCT_NAME = "$(TARGET_NAME)";
				SWIFT_EMIT_LOC_STRINGS = YES;
				SWIFT_VERSION = 5.0;
				TARGETED_DEVICE_FAMILY = "1,2";
			};
			name = Debug;
		};
		E1DE3154299D1518003B26FB /* Release */ = {
			isa = XCBuildConfiguration;
			buildSettings = {
				ASSETCATALOG_COMPILER_APPICON_NAME = AppIcon;
				ASSETCATALOG_COMPILER_GLOBAL_ACCENT_COLOR_NAME = AccentColor;
				CODE_SIGN_STYLE = Automatic;
				CURRENT_PROJECT_VERSION = 1;
				DEVELOPMENT_TEAM = 6MK786DG5L;
				GENERATE_INFOPLIST_FILE = YES;
				INFOPLIST_FILE = AutoLayout/Info.plist;
				INFOPLIST_KEY_UIApplicationSupportsIndirectInputEvents = YES;
				INFOPLIST_KEY_UILaunchStoryboardName = LaunchScreen;
				INFOPLIST_KEY_UISupportedInterfaceOrientations_iPad = "UIInterfaceOrientationPortrait UIInterfaceOrientationPortraitUpsideDown UIInterfaceOrientationLandscapeLeft UIInterfaceOrientationLandscapeRight";
				INFOPLIST_KEY_UISupportedInterfaceOrientations_iPhone = "UIInterfaceOrientationPortrait UIInterfaceOrientationLandscapeLeft UIInterfaceOrientationLandscapeRight";
				LD_RUNPATH_SEARCH_PATHS = (
					"$(inherited)",
					"@executable_path/Frameworks",
				);
				MARKETING_VERSION = 1.0;
				PRODUCT_BUNDLE_IDENTIFIER = com.brittanypinder.AutoLayout;
				PRODUCT_NAME = "$(TARGET_NAME)";
				SWIFT_EMIT_LOC_STRINGS = YES;
				SWIFT_VERSION = 5.0;
				TARGETED_DEVICE_FAMILY = "1,2";
			};
			name = Release;
		};
/* End XCBuildConfiguration section */

/* Begin XCConfigurationList section */
		E1DE3139299D1514003B26FB /* Build configuration list for PBXProject "AutoLayout" */ = {
			isa = XCConfigurationList;
			buildConfigurations = (
				E1DE3150299D1518003B26FB /* Debug */,
				E1DE3151299D1518003B26FB /* Release */,
			);
			defaultConfigurationIsVisible = 0;
			defaultConfigurationName = Release;
		};
		E1DE3152299D1518003B26FB /* Build configuration list for PBXNativeTarget "AutoLayout" */ = {
			isa = XCConfigurationList;
			buildConfigurations = (
				E1DE3153299D1518003B26FB /* Debug */,
				E1DE3154299D1518003B26FB /* Release */,
			);
			defaultConfigurationIsVisible = 0;
			defaultConfigurationName = Release;
		};
/* End XCConfigurationList section */
	};
	rootObject = E1DE3136299D1514003B26FB /* Project object */;
}
